{
  "name": "dubhacks2021",
  "version": "1.0.0",
  "lockfileVersion": 1,
  "requires": true,
  "dependencies": {
    "@reach/alert": {
      "version": "0.15.3",
      "resolved": "https://registry.npmjs.org/@reach/alert/-/alert-0.15.3.tgz",
      "integrity": "sha512-zfTYOj1jJQ2xoug/Vv9TRB1mGknXlyzKTEJbXRbR9TgIfBm74u/3OivY+wlwn2chFNLotsSo/K8ALPB08c7WEw==",
      "requires": {
        "@reach/utils": "0.15.3",
        "@reach/visually-hidden": "0.15.2",
        "prop-types": "^15.7.2",
        "tslib": "^2.3.0"
      }
    },
    "@reach/auto-id": {
      "version": "0.15.3",
      "resolved": "https://registry.npmjs.org/@reach/auto-id/-/auto-id-0.15.3.tgz",
      "integrity": "sha512-lbLUI9mrn74qVis141ib0Rsyhgk+gzUMtpplRmjy06cUWDFZyiBATNWMUxN5T+0fU4tpfgcjkAuPeTCCGThKtQ==",
      "requires": {
        "@reach/utils": "0.15.3",
        "tslib": "^2.3.0"
      }
    },
    "@reach/utils": {
      "version": "0.15.3",
      "resolved": "https://registry.npmjs.org/@reach/utils/-/utils-0.15.3.tgz",
      "integrity": "sha512-HFyjw8LZ4/RRk5bcMpDAeEc3aOeLR/vWRDsljlE3cHI5GfFlZcG3DDLSW8C2ba74RCFp/4X3Nz0nOrd4JdkZ1w==",
      "requires": {
        "tiny-warning": "^1.0.3",
        "tslib": "^2.3.0"
      }
    },
    "@reach/visually-hidden": {
      "version": "0.15.2",
      "resolved": "https://registry.npmjs.org/@reach/visually-hidden/-/visually-hidden-0.15.2.tgz",
      "integrity": "sha512-suDSCuKKuqiEB4UDgwWHbrPRxNwrusZ3ImXr85kfsQXGmKptMogaq22xoaHn32NC++lzZXxdWtAJriieszzFXw==",
      "requires": {
        "prop-types": "^15.7.2",
        "tslib": "^2.3.0"
      }
    },
    "@react-spring/animated": {
      "version": "9.3.0",
      "resolved": "https://registry.npmjs.org/@react-spring/animated/-/animated-9.3.0.tgz",
      "integrity": "sha512-QvuyW77eDvLhdJyO6FFldlWlvnuKK2cpOx4+Zr962RyT/0IO1tbNDRO6G1vM8va6mbv6tmfYmRGKmKYePN3kVg==",
      "requires": {
        "@react-spring/shared": "~9.3.0",
        "@react-spring/types": "~9.3.0"
      }
    },
    "@react-spring/core": {
      "version": "9.3.0",
      "resolved": "https://registry.npmjs.org/@react-spring/core/-/core-9.3.0.tgz",
      "integrity": "sha512-SZQOIX7wkIagmucAi7zxqGGIb9A60o9n5922UrWo8Kl3FdG7FgrNwqr0kOI43/pMFeL70/PXwFhBatB03N5ctw==",
      "requires": {
        "@react-spring/animated": "~9.3.0",
        "@react-spring/shared": "~9.3.0",
        "@react-spring/types": "~9.3.0"
      }
    },
    "@react-spring/konva": {
      "version": "9.3.0",
      "resolved": "https://registry.npmjs.org/@react-spring/konva/-/konva-9.3.0.tgz",
      "integrity": "sha512-lyUWxzEateE6Qxpc81oxJb5yiNDdj36Q9R9euJAgjl2dvUDaX85rVGqaB25+72yA1iQg5I4Kymj3UZVvPthRlA==",
      "requires": {
        "@react-spring/animated": "~9.3.0",
        "@react-spring/core": "~9.3.0",
        "@react-spring/shared": "~9.3.0",
        "@react-spring/types": "~9.3.0"
      }
    },
    "@react-spring/native": {
      "version": "9.3.0",
      "resolved": "https://registry.npmjs.org/@react-spring/native/-/native-9.3.0.tgz",
      "integrity": "sha512-lvKV5qxqnE5AMtTHv8xwAocGED4+VRxpljwBl1lbtileq3WnvOn7CpMLZNGc5TXjLWAE3zfoNJui69/jE/3uSw==",
      "requires": {
        "@react-spring/animated": "~9.3.0",
        "@react-spring/core": "~9.3.0",
        "@react-spring/shared": "~9.3.0",
        "@react-spring/types": "~9.3.0"
      }
    },
    "@react-spring/rafz": {
      "version": "9.3.0",
      "resolved": "https://registry.npmjs.org/@react-spring/rafz/-/rafz-9.3.0.tgz",
      "integrity": "sha512-FD04d2TNb3xOZ6+04qwDmC3d0H4X6gvhsxU71/nSm4PPYRqFzZEolcVPmrHlbGzco3bvXKI+Kp2pIrpXLPUJFA=="
    },
    "@react-spring/shared": {
      "version": "9.3.0",
      "resolved": "https://registry.npmjs.org/@react-spring/shared/-/shared-9.3.0.tgz",
      "integrity": "sha512-7ZFY2Blu/wxbLGcYvQavyLUVi9bK/is1bsn11qZ9AaZb4iucRyIf2jgjBfKZFCq4qgi7S/7QmDQG7sucUyLELg==",
      "requires": {
        "@react-spring/rafz": "~9.3.0",
        "@react-spring/types": "~9.3.0"
      }
    },
    "@react-spring/three": {
      "version": "9.3.0",
      "resolved": "https://registry.npmjs.org/@react-spring/three/-/three-9.3.0.tgz",
      "integrity": "sha512-RKMXXdcNK0nbwLbmle/0KT/idGGpOxvI5lT1KtN8R3cgJWQBKYWVtzg+B/RgmQVNxO/QNlsKGWTjURockTRSVQ==",
      "requires": {
        "@react-spring/animated": "~9.3.0",
        "@react-spring/core": "~9.3.0",
        "@react-spring/shared": "~9.3.0",
        "@react-spring/types": "~9.3.0"
      }
    },
    "@react-spring/types": {
      "version": "9.3.0",
      "resolved": "https://registry.npmjs.org/@react-spring/types/-/types-9.3.0.tgz",
      "integrity": "sha512-q4cDr2RSPblXMD3Rxvk6qcC7nmhhfV2izEBP06hb8ZCXznA6qJirG3RMpi29kBtEQiw1lWR59hAXKhauaPtbOA=="
    },
    "@react-spring/web": {
      "version": "9.3.0",
      "resolved": "https://registry.npmjs.org/@react-spring/web/-/web-9.3.0.tgz",
      "integrity": "sha512-OTAGKRdyz6fLRR1tABFyw9KMpytyATIndQrj0O6RG47GfjiInpf4+WZKxo763vpS7z1OlnkI81WLUm/sqOqAnA==",
      "requires": {
        "@react-spring/animated": "~9.3.0",
        "@react-spring/core": "~9.3.0",
        "@react-spring/shared": "~9.3.0",
        "@react-spring/types": "~9.3.0"
      }
    },
    "@react-spring/zdog": {
      "version": "9.3.0",
      "resolved": "https://registry.npmjs.org/@react-spring/zdog/-/zdog-9.3.0.tgz",
      "integrity": "sha512-JOQwtg/MQ6sWwmKNY4w/R1TVXohIUkrbSgDfgUEK45ERTDwZGZzIo9QbqHv4dwEBK4Wa2Hfrcdf8cnEaNNzdAQ==",
      "requires": {
        "@react-spring/animated": "~9.3.0",
        "@react-spring/core": "~9.3.0",
        "@react-spring/shared": "~9.3.0",
        "@react-spring/types": "~9.3.0"
      }
    },
    "@tailwindcss/forms": {
      "version": "0.3.4",
      "resolved": "https://registry.npmjs.org/@tailwindcss/forms/-/forms-0.3.4.tgz",
      "integrity": "sha512-vlAoBifNJUkagB+PAdW4aHMe4pKmSLroH398UPgIogBFc91D2VlHUxe4pjxQhiJl0Nfw53sHSJSQBSTQBZP3vA==",
      "requires": {
        "mini-svg-data-uri": "^1.2.3"
      }
    },
    "@vechaiui/alert": {
      "version": "0.1.8",
      "resolved": "https://registry.npmjs.org/@vechaiui/alert/-/alert-0.1.8.tgz",
      "integrity": "sha512-OqHBhvuVPH+RTxZl3Mvf/LtDgfkiCd0cCpuyf+qRLTbbt9SuZreQFF7qeq2Y8ZWOyxQ+vMHhGHpKnQdm+MvAyg==",
      "requires": {
        "@vechaiui/icon": "0.1.7",
        "@vechaiui/theme": "0.3.1",
        "@vechaiui/utils": "^0.1.0"
      }
    },
    "@vechaiui/avatar": {
      "version": "0.1.8",
      "resolved": "https://registry.npmjs.org/@vechaiui/avatar/-/avatar-0.1.8.tgz",
      "integrity": "sha512-DCJoWaT7rRIRtQ9oMiCtcxdNcad6XSgD0TbVQsERTvPswYrX/001gm41qG31qjAmX9svo3JfWwHJ4QX5IJ7urA==",
      "requires": {
        "@vechaiui/image": "0.1.7",
        "@vechaiui/theme": "0.3.1",
        "@vechaiui/utils": "^0.1.0"
      }
    },
    "@vechaiui/badge": {
      "version": "0.1.6",
      "resolved": "https://registry.npmjs.org/@vechaiui/badge/-/badge-0.1.6.tgz",
      "integrity": "sha512-5OH6BTY9DZCKx6yKMqb+CF9vx+6yiVVzzAt2p3C12iJBTGIIKjGvoAOLASq2EgOIQcVx6poKCs7Yok3cDofQWg==",
      "requires": {
        "@vechaiui/theme": "0.3.1",
        "@vechaiui/utils": "^0.1.0"
      }
    },
    "@vechaiui/breadcrumb": {
      "version": "0.1.7",
      "resolved": "https://registry.npmjs.org/@vechaiui/breadcrumb/-/breadcrumb-0.1.7.tgz",
      "integrity": "sha512-B8cJZ+ETBhf1CSG5/KMDOqWATWxtfPJ0ZB7a/FqI3iofWMSViIQj7j+/c07w3uO6n2P09irCfgIM71qk3wuhag==",
      "requires": {
        "@vechaiui/link": "0.1.6",
        "@vechaiui/theme": "0.3.1",
        "@vechaiui/utils": "^0.1.0"
      }
    },
    "@vechaiui/button": {
      "version": "0.1.7",
      "resolved": "https://registry.npmjs.org/@vechaiui/button/-/button-0.1.7.tgz",
      "integrity": "sha512-O/4USBYV6Nwhs8yC4XrfDzpSKYEwz/KyxDBaEM1NSFF16xOVG8QWinrCMdGSaxngN1TFwO0YfmrUXhqWab5Yyw==",
      "requires": {
        "@vechaiui/spinner": "0.1.6",
        "@vechaiui/theme": "0.3.1",
        "@vechaiui/utils": "^0.1.0"
      }
    },
    "@vechaiui/checkbox": {
      "version": "0.2.7",
      "resolved": "https://registry.npmjs.org/@vechaiui/checkbox/-/checkbox-0.2.7.tgz",
      "integrity": "sha512-LDN3Ye9fBNW3gpEklyGNBVaiDrIGiM+v/T1vC2TiSZKLVfzRRP2kEZdC9nBtuVTr8t8T9CIZWoVJTmg1htsOwg==",
      "requires": {
        "@reach/auto-id": "^0.15.0",
        "@vechaiui/forms": "0.3.1",
        "@vechaiui/theme": "0.3.1",
        "@vechaiui/utils": "^0.1.0"
      }
    },
    "@vechaiui/code": {
      "version": "0.1.6",
      "resolved": "https://registry.npmjs.org/@vechaiui/code/-/code-0.1.6.tgz",
      "integrity": "sha512-WMgBHmDJWtZGCwcKW0noBL59kjuly/SE8NXDC1c1xuK/CFymmcLpZi8+8GcwJExqDngNF4AcuboGm6JE+IPUZw==",
      "requires": {
        "@vechaiui/theme": "0.3.1",
        "@vechaiui/utils": "^0.1.0"
      }
    },
    "@vechaiui/core": {
      "version": "0.5.1",
      "resolved": "https://registry.npmjs.org/@vechaiui/core/-/core-0.5.1.tgz",
      "integrity": "sha512-XDvJWVXOiyCwtnl+ywKYdQuLRT/h0ymLWAB9j2vOH95lckHZOYO1HzcGKqDHilPgBVIqDTMQZDfwtj58012qKw=="
    },
    "@vechaiui/divider": {
      "version": "0.1.6",
      "resolved": "https://registry.npmjs.org/@vechaiui/divider/-/divider-0.1.6.tgz",
      "integrity": "sha512-ojFJw+686l/jyOfALSj0q8cPdeSWRbxEwvKY3b2NoSUcbWpgUEkyRwYXLpj90EOrgkelXykTPAcbEtCIxFNL7A==",
      "requires": {
        "@vechaiui/theme": "0.3.1",
        "@vechaiui/utils": "^0.1.0"
      }
    },
    "@vechaiui/dot": {
      "version": "0.1.6",
      "resolved": "https://registry.npmjs.org/@vechaiui/dot/-/dot-0.1.6.tgz",
      "integrity": "sha512-51w8hOuRa1uVn1JvKbRFBRxfhh8+x3EAKgcVFwZnD2YgNH4Tk49wv121Be5VF8f38KfZn06Mh30+hEOl3zzsMw==",
      "requires": {
        "@vechaiui/theme": "0.3.1",
        "@vechaiui/utils": "^0.1.0"
      }
    },
    "@vechaiui/forms": {
      "version": "0.3.1",
      "resolved": "https://registry.npmjs.org/@vechaiui/forms/-/forms-0.3.1.tgz",
      "integrity": "sha512-2uk5BubHhspQtW+rerEM9qmetr3iTF6FzwQD9Qfjf1H1GFV5zQRL/3TSQB3rVw3vPPHuRZVHtp1IIr0CEbQpWQ==",
      "requires": {
        "@reach/auto-id": "^0.15.3",
        "@vechaiui/theme": "0.3.1",
        "@vechaiui/utils": "^0.1.0"
      }
    },
    "@vechaiui/icon": {
      "version": "0.1.7",
      "resolved": "https://registry.npmjs.org/@vechaiui/icon/-/icon-0.1.7.tgz",
      "integrity": "sha512-kBO5ch9OPlIGP4j3s4IscsA8Wgvyqq6+SvCr/M9kI1rJ1im+76FRqxnbuW+FhMHzm9migDAHbPRmqlbqUnNppA==",
      "requires": {
        "@vechaiui/theme": "0.3.1",
        "@vechaiui/utils": "^0.1.0",
        "@vechaiui/visually-hidden": "^0.1.0"
      }
    },
    "@vechaiui/image": {
      "version": "0.1.7",
      "resolved": "https://registry.npmjs.org/@vechaiui/image/-/image-0.1.7.tgz",
      "integrity": "sha512-YQbZHC1rHUp3F4RUHuLz6h48zpiUTDtcoScppjrMcBHQmLQCxx3VSVkwN8rQhagpuoecXFz7U87bVfkWLSKvPg==",
      "requires": {
        "@vechaiui/theme": "0.3.1",
        "@vechaiui/utils": "^0.1.0"
      }
    },
    "@vechaiui/kbd": {
      "version": "0.1.6",
      "resolved": "https://registry.npmjs.org/@vechaiui/kbd/-/kbd-0.1.6.tgz",
      "integrity": "sha512-QtbTC4FLpe/Kic/dEIXnYELEa8rw248kHwl3YWnc89TP50VnOJqxDZ2XkMAFAGMpL+YcEEwklc7ePz4Ci2ZIqg==",
      "requires": {
        "@vechaiui/theme": "0.3.1",
        "@vechaiui/utils": "^0.1.0"
      }
    },
    "@vechaiui/link": {
      "version": "0.1.6",
      "resolved": "https://registry.npmjs.org/@vechaiui/link/-/link-0.1.6.tgz",
      "integrity": "sha512-FSTXO+W6l/arEQMID7CgFGP3uewav5uR8WaNRrnyjIMrrmGHkoUrSY2q2bajddjnH1PF4wLkSolrOeI0tldyhg==",
      "requires": {
        "@vechaiui/theme": "0.3.1",
        "@vechaiui/utils": "^0.1.0"
      }
    },
    "@vechaiui/message": {
      "version": "0.1.8",
      "resolved": "https://registry.npmjs.org/@vechaiui/message/-/message-0.1.8.tgz",
      "integrity": "sha512-NcYwcG75DLse0CTpXIAjK1q2TraBRnEDZYxYmc0K/nnyqlfXTUuRzjZsBQJPtW6f8PL8Ub1x2XWKJ0yx4YMi5g==",
      "requires": {
        "@vechaiui/icon": "0.1.7",
        "@vechaiui/theme": "0.3.1",
        "@vechaiui/toast": "0.1.6",
        "@vechaiui/utils": "^0.1.0"
      }
    },
    "@vechaiui/notification": {
      "version": "0.1.9",
      "resolved": "https://registry.npmjs.org/@vechaiui/notification/-/notification-0.1.9.tgz",
      "integrity": "sha512-LIbP1LWqfDwXLKsFGApLN+6LuImGHb9d9JXNfqISvjEcJUmduK0425qCj4j7qr69ZJfKKkkBmWXs2hWPDDXTxg==",
      "requires": {
        "@vechaiui/button": "0.1.7",
        "@vechaiui/icon": "0.1.7",
        "@vechaiui/theme": "0.3.1",
        "@vechaiui/toast": "0.1.6",
        "@vechaiui/utils": "^0.1.0"
      }
    },
    "@vechaiui/radio": {
      "version": "0.1.9",
      "resolved": "https://registry.npmjs.org/@vechaiui/radio/-/radio-0.1.9.tgz",
      "integrity": "sha512-T90WwdvvkaFv/rm89/tLl3SttC3XkpomXxnpH7lv/986lNC71JABYXuJCMozh5eJ/i01//bfyrs6JWUmj8vTzw==",
      "requires": {
        "@reach/auto-id": "^0.15.0",
        "@vechaiui/forms": "0.3.1",
        "@vechaiui/theme": "0.3.1",
        "@vechaiui/utils": "^0.1.0"
      }
    },
    "@vechaiui/react": {
      "version": "0.1.12",
      "resolved": "https://registry.npmjs.org/@vechaiui/react/-/react-0.1.12.tgz",
      "integrity": "sha512-Nw/2+R1uRs6XZfO/F7G2zW6fCAo8jHgbuh+ZRdkUi2/pM4IORV4ZeNjFz/P5KGLmDkoE5yQZJpCItfSYZmwQfQ==",
      "requires": {
        "@vechaiui/alert": "0.1.8",
        "@vechaiui/avatar": "0.1.8",
        "@vechaiui/badge": "0.1.6",
        "@vechaiui/breadcrumb": "0.1.7",
        "@vechaiui/button": "0.1.7",
        "@vechaiui/checkbox": "0.2.7",
        "@vechaiui/code": "0.1.6",
        "@vechaiui/divider": "0.1.6",
        "@vechaiui/dot": "0.1.6",
        "@vechaiui/forms": "0.3.1",
        "@vechaiui/icon": "0.1.7",
        "@vechaiui/image": "0.1.7",
        "@vechaiui/kbd": "0.1.6",
        "@vechaiui/link": "0.1.6",
        "@vechaiui/message": "0.1.8",
        "@vechaiui/notification": "0.1.9",
        "@vechaiui/radio": "0.1.9",
        "@vechaiui/spinner": "0.1.6",
        "@vechaiui/switch": "0.1.9",
        "@vechaiui/tag": "0.1.8",
        "@vechaiui/theme": "0.3.1",
        "@vechaiui/utils": "^0.1.0"
      }
    },
    "@vechaiui/spinner": {
      "version": "0.1.6",
      "resolved": "https://registry.npmjs.org/@vechaiui/spinner/-/spinner-0.1.6.tgz",
      "integrity": "sha512-iPy6/pkT5KygU049QRir154TgWwTFaOk/n0Hyx3j2QRjXSaiUFvtyJp6YuDp9RBTZf33N4M0MRE2QVJ+ZJSoFA==",
      "requires": {
        "@vechaiui/theme": "0.3.1",
        "@vechaiui/utils": "^0.1.0"
      }
    },
    "@vechaiui/switch": {
      "version": "0.1.9",
      "resolved": "https://registry.npmjs.org/@vechaiui/switch/-/switch-0.1.9.tgz",
      "integrity": "sha512-AHVUGdyXY8ztrDc4lcTKEPmvF3UuK0yGrCTJSYC6bR4Lq6SeULm5wO6YMpvHYOiqqewQr0Jw3XKFwK8PyaxyGA==",
      "requires": {
        "@vechaiui/forms": "0.3.1",
        "@vechaiui/theme": "0.3.1",
        "@vechaiui/utils": "^0.1.0",
        "@vechaiui/visually-hidden": "^0.1.0"
      }
    },
    "@vechaiui/tag": {
      "version": "0.1.8",
      "resolved": "https://registry.npmjs.org/@vechaiui/tag/-/tag-0.1.8.tgz",
      "integrity": "sha512-pUlOjemJc0FPC4sgnr2b868Z2LFvPzPqPmCFy1Eel7012l/EkfREco3SOawwRXt+If5wCXj2/Lkklv4J08giog==",
      "requires": {
        "@vechaiui/icon": "0.1.7",
        "@vechaiui/theme": "0.3.1",
        "@vechaiui/utils": "^0.1.0"
      }
    },
    "@vechaiui/theme": {
      "version": "0.3.1",
      "resolved": "https://registry.npmjs.org/@vechaiui/theme/-/theme-0.3.1.tgz",
      "integrity": "sha512-ALcPlETNerhX1ioGCLq3nFG+DgdJwtt4EKdJ64dLmJxIJQfd4R3lrw8tqxwJw4yT8FayBv7VcGOW07GN5tSWUg==",
      "requires": {
        "@vechaiui/utils": "^0.1.0",
        "lodash.set": "^4.3.2"
      }
    },
    "@vechaiui/toast": {
      "version": "0.1.6",
      "resolved": "https://registry.npmjs.org/@vechaiui/toast/-/toast-0.1.6.tgz",
      "integrity": "sha512-+H1P0Yg6sOPLWKxpCzWfJ84JES0Amo3oYngBhJR/p+Bm0935NJetcgXcVxK25Oxnp9Ch5OJLp6HdKl/eCjzVDA==",
      "requires": {
        "@vechaiui/theme": "0.3.1",
        "@vechaiui/toasted-notes": "^0.1.0"
      }
    },
    "@vechaiui/toasted-notes": {
      "version": "0.1.0",
      "resolved": "https://registry.npmjs.org/@vechaiui/toasted-notes/-/toasted-notes-0.1.0.tgz",
      "integrity": "sha512-EgZ2e/KMExcYSa0M6UvL6SO9LHM5BMnoY8kKIkLo/fojlfGogT6hR1wfP8TlDeDcTgRu4bbrwK4Ar6A/lU/MIg==",
      "requires": {
        "@reach/alert": "^0.15.0",
        "react-spring": "^9.2.3"
      }
    },
    "@vechaiui/utils": {
      "version": "0.1.0",
      "resolved": "https://registry.npmjs.org/@vechaiui/utils/-/utils-0.1.0.tgz",
      "integrity": "sha512-nLjg8vI219qKXR8jq8G8ZqQztIE7SGvznd5A/g+oH4nDNR/NPQ3v6M87imdmnm64PawGHum6kKiLXxJH+19Mvg==",
      "requires": {
        "clsx": "^1.1.1",
        "color-string": "^1.5.5"
      }
    },
    "@vechaiui/visually-hidden": {
      "version": "0.1.0",
      "resolved": "https://registry.npmjs.org/@vechaiui/visually-hidden/-/visually-hidden-0.1.0.tgz",
      "integrity": "sha512-EuPEq5yyrGHHjtBWVQQc5mWI1wJwOCM7M3V3mlnt9SHna5jRZryHJjzHy+fh2h9lO0Iz42nunxq/LaCeT4LSvg==",
      "requires": {
        "@vechaiui/utils": "^0.1.0"
      }
    },
    "clsx": {
      "version": "1.1.1",
      "resolved": "https://registry.npmjs.org/clsx/-/clsx-1.1.1.tgz",
      "integrity": "sha512-6/bPho624p3S2pMyvP5kKBPXnI3ufHLObBFCfgx+LkeR5lg2XYy2hqZqUf45ypD8COn2bhgGJSUE+l5dhNBieA=="
    },
    "color-name": {
      "version": "1.1.4",
      "resolved": "https://registry.npmjs.org/color-name/-/color-name-1.1.4.tgz",
      "integrity": "sha512-dOy+3AuW3a2wNbZHIuMZpTcgjGuLU/uBL/ubcZF9OXbDo8ff4O8yVp5Bf0efS8uEoYo5q4Fx7dY9OgQGXgAsQA=="
    },
    "color-string": {
      "version": "1.6.0",
      "resolved": "https://registry.npmjs.org/color-string/-/color-string-1.6.0.tgz",
      "integrity": "sha512-c/hGS+kRWJutUBEngKKmk4iH3sD59MBkoxVapS/0wgpCz2u7XsNloxknyvBhzwEs1IbV36D9PwqLPJ2DTu3vMA==",
      "requires": {
        "color-name": "^1.0.0",
        "simple-swizzle": "^0.2.2"
      }
    },
    "is-arrayish": {
      "version": "0.3.2",
      "resolved": "https://registry.npmjs.org/is-arrayish/-/is-arrayish-0.3.2.tgz",
      "integrity": "sha512-eVRqCvVlZbuw3GrM63ovNSNAeA1K16kaR/LRY/92w0zxQ5/1YzwblUX652i4Xs9RwAGjW9d9y6X88t8OaAJfWQ=="
    },
    "js-tokens": {
      "version": "4.0.0",
      "resolved": "https://registry.npmjs.org/js-tokens/-/js-tokens-4.0.0.tgz",
      "integrity": "sha512-RdJUflcE3cUzKiMqQgsCu06FPu9UdIJO0beYbPhHN4k6apgJtifcoCtT9bcxOpYBtpD2kCM6Sbzg4CausW/PKQ=="
    },
    "lodash.set": {
      "version": "4.3.2",
      "resolved": "https://registry.npmjs.org/lodash.set/-/lodash.set-4.3.2.tgz",
      "integrity": "sha1-2HV7HagH3eJIFrDWqEvqGnYjCyM="
    },
    "loose-envify": {
      "version": "1.4.0",
      "resolved": "https://registry.npmjs.org/loose-envify/-/loose-envify-1.4.0.tgz",
      "integrity": "sha512-lyuxPGr/Wfhrlem2CL/UcnUc1zcqKAImBDzukY7Y5F/yQiNdko6+fRLevlw1HgMySw7f611UIY408EtxRSoK3Q==",
      "requires": {
        "js-tokens": "^3.0.0 || ^4.0.0"
      }
    },
    "mini-svg-data-uri": {
      "version": "1.4.3",
      "resolved": "https://registry.npmjs.org/mini-svg-data-uri/-/mini-svg-data-uri-1.4.3.tgz",
      "integrity": "sha512-gSfqpMRC8IxghvMcxzzmMnWpXAChSA+vy4cia33RgerMS8Fex95akUyQZPbxJJmeBGiGmK7n/1OpUX8ksRjIdA=="
    },
    "object-assign": {
      "version": "4.1.1",
      "resolved": "https://registry.npmjs.org/object-assign/-/object-assign-4.1.1.tgz",
      "integrity": "sha1-IQmtx5ZYh8/AXLvUQsrIv7s2CGM="
    },
    "prop-types": {
      "version": "15.7.2",
      "resolved": "https://registry.npmjs.org/prop-types/-/prop-types-15.7.2.tgz",
      "integrity": "sha512-8QQikdH7//R2vurIJSutZ1smHYTcLpRWEOlHnzcWHmBYrOGUysKwSsrC89BCiFj3CbrfJ/nXFdJepOVrY1GCHQ==",
      "requires": {
        "loose-envify": "^1.4.0",
        "object-assign": "^4.1.1",
        "react-is": "^16.8.1"
      }
    },
    "react-is": {
      "version": "16.13.1",
      "resolved": "https://registry.npmjs.org/react-is/-/react-is-16.13.1.tgz",
      "integrity": "sha512-24e6ynE2H+OKt4kqsOvNd8kBpV65zoxbA4BVsEOB3ARVWQki/DHzaUoC5KuON/BiccDaCCTZBuOcfZs70kR8bQ=="
    },
    "react-spring": {
      "version": "9.3.0",
      "resolved": "https://registry.npmjs.org/react-spring/-/react-spring-9.3.0.tgz",
      "integrity": "sha512-zxhMUCM4ha22724q1CshmbzKUfqdUp2HyA4P72+A0xVF/9bgaFuMukI8C8/Rjfdqw6sGg3hZNvmY9Z8n4cqWmg==",
      "requires": {
        "@react-spring/core": "~9.3.0",
        "@react-spring/konva": "~9.3.0",
        "@react-spring/native": "~9.3.0",
        "@react-spring/three": "~9.3.0",
        "@react-spring/web": "~9.3.0",
        "@react-spring/zdog": "~9.3.0"
      }
    },
    "simple-swizzle": {
      "version": "0.2.2",
      "resolved": "https://registry.npmjs.org/simple-swizzle/-/simple-swizzle-0.2.2.tgz",
      "integrity": "sha1-pNprY1/8zMoz9w0Xy5JZLeleVXo=",
      "requires": {
        "is-arrayish": "^0.3.1"
      }
    },
    "tiny-warning": {
      "version": "1.0.3",
      "resolved": "https://registry.npmjs.org/tiny-warning/-/tiny-warning-1.0.3.tgz",
      "integrity": "sha512-lBN9zLN/oAf68o3zNXYrdCt1kP8WsiGW8Oo2ka41b2IM5JL/S1CTyX1rW0mb/zSuJun0ZUrDxx4sqvYS2FWzPA=="
    },
    "tslib": {
      "version": "2.3.1",
      "resolved": "https://registry.npmjs.org/tslib/-/tslib-2.3.1.tgz",
      "integrity": "sha512-77EbyPPpMz+FRFRuAFlWMtmgUWGe9UOG2Z25NqCwiIjRhOf5iKGuzSe5P2w1laq+FkRy4p+PCuVkJSGkzTEKVw=="
    }
  }
}
